
Microsoft Visual Studio Solution File, Format Version 12.00
# Visual Studio Version 16
VisualStudioVersion = 16.0.30523.141
MinimumVisualStudioVersion = 10.0.40219.1
Project("{FAE04EC0-301F-11D3-BF4B-00C04F79EFBC}") = "Problems pool 1 - probleme cu numere", "Problems pool 1 - probleme cu numere.csproj", "{888FB883-36A1-4734-A6C2-FB525643EA4C}"
EndProject
Global
	GlobalSection(SolutionConfigurationPlatforms) = preSolution
		Debug|Any CPU = Debug|Any CPU
		Release|Any CPU = Release|Any CPU
	EndGlobalSection
	GlobalSection(ProjectConfigurationPlatforms) = postSolution
		{888FB883-36A1-4734-A6C2-FB525643EA4C}.Debug|Any CPU.ActiveCfg = Debug|Any CPU
		{888FB883-36A1-4734-A6C2-FB525643EA4C}.Debug|Any CPU.Build.0 = Debug|Any CPU
		{888FB883-36A1-4734-A6C2-FB525643EA4C}.Release|Any CPU.ActiveCfg = Release|Any CPU
		{888FB883-36A1-4734-A6C2-FB525643EA4C}.Release|Any CPU.Build.0 = Release|Any CPU
	EndGlobalSection
	GlobalSection(SolutionProperties) = preSolution
		HideSolutionNode = FALSE
	EndGlobalSection
	GlobalSection(ExtensibilityGlobals) = postSolution
		SolutionGuid = {5246E053-5165-4613-AC3F-F4B95CF070E6}
	EndGlobalSection
EndGlobal
